
Microsoft Visual Studio Solution File, Format Version 12.00
# Visual Studio Version 17
VisualStudioVersion = 17.7.34221.43
MinimumVisualStudioVersion = 10.0.40219.1
Project("{FAE04EC0-301F-11D3-BF4B-00C04F79EFBC}") = "NodeNetworkTesti", "NodeNetworkTesti.csproj", "{81EC420C-51B9-400F-BE67-0863070886B3}"
EndProject
Global
	GlobalSection(SolutionConfigurationPlatforms) = preSolution
		Debug|Any CPU = Debug|Any CPU
		Release|Any CPU = Release|Any CPU
	EndGlobalSection
	GlobalSection(ProjectConfigurationPlatforms) = postSolution
		{81EC420C-51B9-400F-BE67-0863070886B3}.Debug|Any CPU.ActiveCfg = Debug|Any CPU
		{81EC420C-51B9-400F-BE67-0863070886B3}.Debug|Any CPU.Build.0 = Debug|Any CPU
		{81EC420C-51B9-400F-BE67-0863070886B3}.Release|Any CPU.ActiveCfg = Release|Any CPU
		{81EC420C-51B9-400F-BE67-0863070886B3}.Release|Any CPU.Build.0 = Release|Any CPU
	EndGlobalSection
	GlobalSection(SolutionProperties) = preSolution
		HideSolutionNode = FALSE
	EndGlobalSection
	GlobalSection(ExtensibilityGlobals) = postSolution
		SolutionGuid = {2E0AE7D8-EFBA-4FB6-B903-F175AB764834}
	EndGlobalSection
EndGlobal
